
Microsoft Visual Studio Solution File, Format Version 12.00
Project("{FAE04EC0-301F-11D3-BF4B-00C04F79EFBC}") = "HabitTracker.API", "HabitTracker.API\HabitTracker.API.csproj", "{FCEFEB5A-1179-4466-A9BA-488063C9B043}"
EndProject
Global
	GlobalSection(SolutionConfigurationPlatforms) = preSolution
		Debug|Any CPU = Debug|Any CPU
		Release|Any CPU = Release|Any CPU
	EndGlobalSection
	GlobalSection(ProjectConfigurationPlatforms) = postSolution
		{FCEFEB5A-1179-4466-A9BA-488063C9B043}.Debug|Any CPU.ActiveCfg = Debug|Any CPU
		{FCEFEB5A-1179-4466-A9BA-488063C9B043}.Debug|Any CPU.Build.0 = Debug|Any CPU
		{FCEFEB5A-1179-4466-A9BA-488063C9B043}.Release|Any CPU.ActiveCfg = Release|Any CPU
		{FCEFEB5A-1179-4466-A9BA-488063C9B043}.Release|Any CPU.Build.0 = Release|Any CPU
	EndGlobalSection
EndGlobal
